
Microsoft Visual Studio Solution File, Format Version 12.00
# Visual Studio Version 16
VisualStudioVersion = 16.0.29709.97
MinimumVisualStudioVersion = 10.0.40219.1
Project("{FAE04EC0-301F-11D3-BF4B-00C04F79EFBC}") = "Ejercicios csharp", "Ejercicios csharp\Ejercicios csharp.csproj", "{EDCCC135-D109-4246-823D-40E237BD6376}"
EndProject
Global
	GlobalSection(SolutionConfigurationPlatforms) = preSolution
		Debug|Any CPU = Debug|Any CPU
		Release|Any CPU = Release|Any CPU
	EndGlobalSection
	GlobalSection(ProjectConfigurationPlatforms) = postSolution
		{EDCCC135-D109-4246-823D-40E237BD6376}.Debug|Any CPU.ActiveCfg = Debug|Any CPU
		{EDCCC135-D109-4246-823D-40E237BD6376}.Debug|Any CPU.Build.0 = Debug|Any CPU
		{EDCCC135-D109-4246-823D-40E237BD6376}.Release|Any CPU.ActiveCfg = Release|Any CPU
		{EDCCC135-D109-4246-823D-40E237BD6376}.Release|Any CPU.Build.0 = Release|Any CPU
	EndGlobalSection
	GlobalSection(SolutionProperties) = preSolution
		HideSolutionNode = FALSE
	EndGlobalSection
	GlobalSection(ExtensibilityGlobals) = postSolution
		SolutionGuid = {AF99A3F6-F57A-414D-8B4A-F99A9F40DEDB}
	EndGlobalSection
EndGlobal
